
Microsoft Visual Studio Solution File, Format Version 12.00
# Visual Studio 15
VisualStudioVersion = 15.0.28010.2019
MinimumVisualStudioVersion = 10.0.40219.1
Project("{FAE04EC0-301F-11D3-BF4B-00C04F79EFBC}") = "ConsoleApp5", "ConsoleApp5\ConsoleApp5.csproj", "{A60468F5-D5C5-4FDD-9B17-DD7632F2C06B}"
EndProject
Global
	GlobalSection(SolutionConfigurationPlatforms) = preSolution
		Debug|Any CPU = Debug|Any CPU
		Release|Any CPU = Release|Any CPU
	EndGlobalSection
	GlobalSection(ProjectConfigurationPlatforms) = postSolution
		{A60468F5-D5C5-4FDD-9B17-DD7632F2C06B}.Debug|Any CPU.ActiveCfg = Debug|Any CPU
		{A60468F5-D5C5-4FDD-9B17-DD7632F2C06B}.Debug|Any CPU.Build.0 = Debug|Any CPU
		{A60468F5-D5C5-4FDD-9B17-DD7632F2C06B}.Release|Any CPU.ActiveCfg = Release|Any CPU
		{A60468F5-D5C5-4FDD-9B17-DD7632F2C06B}.Release|Any CPU.Build.0 = Release|Any CPU
	EndGlobalSection
	GlobalSection(SolutionProperties) = preSolution
		HideSolutionNode = FALSE
	EndGlobalSection
	GlobalSection(ExtensibilityGlobals) = postSolution
		SolutionGuid = {1FE222FA-AA95-40C2-832B-6EC6FDCD560F}
	EndGlobalSection
EndGlobal
